
Microsoft Visual Studio Solution File, Format Version 12.00
# Visual Studio Version 16
VisualStudioVersion = 16.0.29306.81
MinimumVisualStudioVersion = 10.0.40219.1
Project("{FAE04EC0-301F-11D3-BF4B-00C04F79EFBC}") = "BeakovicPaoloProvjeraZnanjaZadatak1", "BeakovicPaoloProvjeraZnanjaZadatak1\BeakovicPaoloProvjeraZnanjaZadatak1.csproj", "{D9CC1377-7A12-478A-AFFD-3F55E0DFE59F}"
EndProject
Global
	GlobalSection(SolutionConfigurationPlatforms) = preSolution
		Debug|Any CPU = Debug|Any CPU
		Release|Any CPU = Release|Any CPU
	EndGlobalSection
	GlobalSection(ProjectConfigurationPlatforms) = postSolution
		{D9CC1377-7A12-478A-AFFD-3F55E0DFE59F}.Debug|Any CPU.ActiveCfg = Debug|Any CPU
		{D9CC1377-7A12-478A-AFFD-3F55E0DFE59F}.Debug|Any CPU.Build.0 = Debug|Any CPU
		{D9CC1377-7A12-478A-AFFD-3F55E0DFE59F}.Release|Any CPU.ActiveCfg = Release|Any CPU
		{D9CC1377-7A12-478A-AFFD-3F55E0DFE59F}.Release|Any CPU.Build.0 = Release|Any CPU
	EndGlobalSection
	GlobalSection(SolutionProperties) = preSolution
		HideSolutionNode = FALSE
	EndGlobalSection
	GlobalSection(ExtensibilityGlobals) = postSolution
		SolutionGuid = {AE3A0C46-05D5-4A46-A80A-1CA513416330}
	EndGlobalSection
EndGlobal
